<?xml version="1.0" encoding="utf-8"?>
<Project ToolsVersion="4.0" xmlns="http://schemas.microsoft.com/developer/msbuild/2003">
  <ItemGroup>
    <Filter Include="Source Files">
      <UniqueIdentifier>{4FC737F1-C7A5-4376-A066-2A32D752A2FF}</UniqueIdentifier>
      <Extensions>cpp;c;cc;cxx;c++;cppm;ixx;def;odl;idl;hpj;bat;asm;asmx</Extensions>
    </Filter>
    <Filter Include="Header Files">
      <UniqueIdentifier>{93995380-89BD-4b04-88EB-625FBE52EBFB}</UniqueIdentifier>
      <Extensions>h;hh;hpp;hxx;h++;hm;inl;inc;ipp;xsd</Extensions>
    </Filter>
    <Filter Include="Resource Files">
      <UniqueIdentifier>{67DA6AB6-F800-4c08-8B7A-83BB121AAD01}</UniqueIdentifier>
      <Extensions>rc;ico;cur;bmp;dlg;rc2;rct;bin;rgs;gif;jpg;jpeg;jpe;resx;tiff;tif;png;wav;mfcribbon-ms</Extensions>
    </Filter>
    <Filter Include="Header Files\Flowfield">
      <UniqueIdentifier>{cd384119-6045-4535-907d-556b1af9ba4b}</UniqueIdentifier>
    </Filter>
    <Filter Include="Header Files\Engine">
      <UniqueIdentifier>{5facd461-2248-4bd2-b30d-8e78bb9864a8}</UniqueIdentifier>
    </Filter>
    <Filter Include="Source Files\Engine">
      <UniqueIdentifier>{e1541823-0aab-448d-9e8b-71c751061a59}</UniqueIdentifier>
    </Filter>
    <Filter Include="Source Files\Flowfield">
      <UniqueIdentifier>{dd694c62-244b-48a5-901e-bf02bc62c5a3}</UniqueIdentifier>
    </Filter>
    <Filter Include="Header Files\Util">
      <UniqueIdentifier>{d9b79789-c1f4-46f4-97a1-67896900142a}</UniqueIdentifier>
    </Filter>
    <Filter Include="Header Files\Agent">
      <UniqueIdentifier>{559ed220-4a47-40f2-9dc9-40372528a24c}</UniqueIdentifier>
    </Filter>
    <Filter Include="Source Files\Agent">
      <UniqueIdentifier>{8c07bd00-5186-4891-8641-561ab0de73b2}</UniqueIdentifier>
    </Filter>
    <Filter Include="Header Files\Graph">
      <UniqueIdentifier>{73ac7271-b984-499c-ae8f-9cf3f96e51e1}</UniqueIdentifier>
    </Filter>
    <Filter Include="Source Files\Graph">
      <UniqueIdentifier>{48598607-ef2d-45c7-b616-bc56a23d6a88}</UniqueIdentifier>
    </Filter>
    <Filter Include="Source Files\PathFinding">
      <UniqueIdentifier>{de89e474-129e-4022-b187-21146bc00ed0}</UniqueIdentifier>
    </Filter>
    <Filter Include="Header Files\PathFinding">
      <UniqueIdentifier>{dd739a50-eb69-462e-ad71-e0b45fedcb77}</UniqueIdentifier>
    </Filter>
  </ItemGroup>
  <ItemGroup>
    <Image Include="Engine\small.ico">
      <Filter>Resource Files</Filter>
    </Image>
    <Image Include="Engine\big.ico">
      <Filter>Resource Files</Filter>
    </Image>
  </ItemGroup>
  <ItemGroup>
    <ClCompile Include="Agent.cpp">
      <Filter>Source Files\Agent</Filter>
    </ClCompile>
    <ClCompile Include="Engine\GameWinMain.cpp">
      <Filter>Source Files\Engine</Filter>
    </ClCompile>
    <ClCompile Include="Engine\AbstractGame.cpp">
      <Filter>Source Files\Engine</Filter>
    </ClCompile>
    <ClCompile Include="Engine\GameEngine.cpp">
      <Filter>Source Files\Engine</Filter>
    </ClCompile>
    <ClCompile Include="Graph\Graph.cpp">
      <Filter>Source Files\Graph</Filter>
    </ClCompile>
    <ClCompile Include="Graph\GraphConnection.cpp">
      <Filter>Source Files\Graph</Filter>
    </ClCompile>
    <ClCompile Include="Graph\GraphNode.cpp">
      <Filter>Source Files\Graph</Filter>
    </ClCompile>
    <ClCompile Include="Pathfinding\AStar.cpp">
      <Filter>Source Files\PathFinding</Filter>
    </ClCompile>
    <ClCompile Include="Flowfield\Flowfields.cpp">
      <Filter>Source Files\Flowfield</Filter>
    </ClCompile>
    <ClCompile Include="Flowfield\Grid\Grid.cpp">
      <Filter>Source Files\Flowfield</Filter>
    </ClCompile>
    <ClCompile Include="Flowfield\Grid\GridSector.cpp">
      <Filter>Source Files\Flowfield</Filter>
    </ClCompile>
  </ItemGroup>
  <ItemGroup>
    <ClInclude Include="Agent.h">
      <Filter>Header Files\Agent</Filter>
    </ClInclude>
    <ClInclude Include="Utils.h">
      <Filter>Header Files\Util</Filter>
    </ClInclude>
    <ClInclude Include="DebugSettings.h">
      <Filter>Header Files\Util</Filter>
    </ClInclude>
    <ClInclude Include="Engine\AbstractGame.h">
      <Filter>Header Files\Engine</Filter>
    </ClInclude>
    <ClInclude Include="Engine\GameDefines.h">
      <Filter>Header Files\Engine</Filter>
    </ClInclude>
    <ClInclude Include="Engine\GameEngine.h">
      <Filter>Header Files\Engine</Filter>
    </ClInclude>
    <ClInclude Include="Engine\GameWinMain.h">
      <Filter>Header Files\Engine</Filter>
    </ClInclude>
    <ClInclude Include="Engine\resource.h">
      <Filter>Header Files\Engine</Filter>
    </ClInclude>
    <ClInclude Include="Graph\Graph.h">
      <Filter>Header Files\Graph</Filter>
    </ClInclude>
    <ClInclude Include="Graph\GraphConnection.h">
      <Filter>Header Files\Graph</Filter>
    </ClInclude>
    <ClInclude Include="Graph\GraphNode.h">
      <Filter>Header Files\Graph</Filter>
    </ClInclude>
    <ClInclude Include="Flowfield\Portal\Portal.h">
      <Filter>Header Files\Flowfield</Filter>
    </ClInclude>
    <ClInclude Include="Flowfield\Flowfields.h">
      <Filter>Header Files\Flowfield</Filter>
    </ClInclude>
    <ClInclude Include="Flowfield\Grid\Grid.h">
      <Filter>Header Files\Flowfield</Filter>
    </ClInclude>
    <ClInclude Include="Flowfield\Grid\GridSector.h">
      <Filter>Header Files\Flowfield</Filter>
    </ClInclude>
    <ClInclude Include="Pathfinding\AStar.h">
      <Filter>Header Files\PathFinding</Filter>
    </ClInclude>
    <ClInclude Include="Defines.h">
      <Filter>Header Files\Util</Filter>
    </ClInclude>
  </ItemGroup>
  <ItemGroup>
    <ResourceCompile Include="Engine\Flowfields.rc">
      <Filter>Resource Files</Filter>
    </ResourceCompile>
  </ItemGroup>
</Project>